
Microsoft Visual Studio Solution File, Format Version 12.00
# Visual Studio Version 16
VisualStudioVersion = 16.0.30320.27
MinimumVisualStudioVersion = 10.0.40219.1
Project("{FAE04EC0-301F-11D3-BF4B-00C04F79EFBC}") = "MiguelMendoza_Parcial1", "MiguelMendoza_Parcial1.csproj", "{FF477C0A-0622-43BE-93A0-BA1C60C3CEBF}"
EndProject
Global
	GlobalSection(SolutionConfigurationPlatforms) = preSolution
		Debug|Any CPU = Debug|Any CPU
		Release|Any CPU = Release|Any CPU
	EndGlobalSection
	GlobalSection(ProjectConfigurationPlatforms) = postSolution
		{FF477C0A-0622-43BE-93A0-BA1C60C3CEBF}.Debug|Any CPU.ActiveCfg = Debug|Any CPU
		{FF477C0A-0622-43BE-93A0-BA1C60C3CEBF}.Debug|Any CPU.Build.0 = Debug|Any CPU
		{FF477C0A-0622-43BE-93A0-BA1C60C3CEBF}.Release|Any CPU.ActiveCfg = Release|Any CPU
		{FF477C0A-0622-43BE-93A0-BA1C60C3CEBF}.Release|Any CPU.Build.0 = Release|Any CPU
	EndGlobalSection
	GlobalSection(SolutionProperties) = preSolution
		HideSolutionNode = FALSE
	EndGlobalSection
	GlobalSection(ExtensibilityGlobals) = postSolution
		SolutionGuid = {80FBA7A0-C184-4B36-951F-C619C5758ECF}
	EndGlobalSection
EndGlobal
